
Microsoft Visual Studio Solution File, Format Version 12.00
# Visual Studio Version 17
VisualStudioVersion = 17.14.36221.1 d17.14
MinimumVisualStudioVersion = 10.0.40219.1
Project("{8BC9CEB8-8B4A-11D0-8D11-00A0C91BC942}") = "kyopurotyping", "kyopurotyping\kyopurotyping.vcxproj", "{203F120C-3923-4FED-8A06-B578B013D3A5}"
EndProject
Global
	GlobalSection(SolutionConfigurationPlatforms) = preSolution
		Debug|x64 = Debug|x64
		Release|x64 = Release|x64
	EndGlobalSection
	GlobalSection(ProjectConfigurationPlatforms) = postSolution
		{203F120C-3923-4FED-8A06-B578B013D3A5}.Debug|x64.ActiveCfg = Debug|x64
		{203F120C-3923-4FED-8A06-B578B013D3A5}.Debug|x64.Build.0 = Debug|x64
		{203F120C-3923-4FED-8A06-B578B013D3A5}.Release|x64.ActiveCfg = Release|x64
		{203F120C-3923-4FED-8A06-B578B013D3A5}.Release|x64.Build.0 = Release|x64
	EndGlobalSection
	GlobalSection(SolutionProperties) = preSolution
		HideSolutionNode = FALSE
	EndGlobalSection
	GlobalSection(ExtensibilityGlobals) = postSolution
		SolutionGuid = {C06F5424-A3F7-4FBF-B72D-CA910B54795B}
	EndGlobalSection
EndGlobal
